
Microsoft Visual Studio Solution File, Format Version 12.00
# Visual Studio 15
VisualStudioVersion = 15.0.26124.0
MinimumVisualStudioVersion = 15.0.26124.0
Project("{F2A71F9B-5D33-465A-A702-920D77279786}") = "BitBankApi", "BitBankApi\BitBankApi.fsproj", "{AD87269F-68E5-4C13-B43E-9E3999347366}"
EndProject
Project("{F2A71F9B-5D33-465A-A702-920D77279786}") = "BitBankApi.Tests", "BitBankApi.Tests\BitBankApi.Tests.fsproj", "{70700EB1-C1FA-45EF-98F7-C6FC9E464552}"
EndProject
Global
	GlobalSection(SolutionConfigurationPlatforms) = preSolution
		Debug|Any CPU = Debug|Any CPU
		Debug|x64 = Debug|x64
		Debug|x86 = Debug|x86
		Release|Any CPU = Release|Any CPU
		Release|x64 = Release|x64
		Release|x86 = Release|x86
	EndGlobalSection
	GlobalSection(SolutionProperties) = preSolution
		HideSolutionNode = FALSE
	EndGlobalSection
	GlobalSection(ProjectConfigurationPlatforms) = postSolution
		{AD87269F-68E5-4C13-B43E-9E3999347366}.Debug|Any CPU.ActiveCfg = Debug|Any CPU
		{AD87269F-68E5-4C13-B43E-9E3999347366}.Debug|Any CPU.Build.0 = Debug|Any CPU
		{AD87269F-68E5-4C13-B43E-9E3999347366}.Debug|x64.ActiveCfg = Debug|Any CPU
		{AD87269F-68E5-4C13-B43E-9E3999347366}.Debug|x64.Build.0 = Debug|Any CPU
		{AD87269F-68E5-4C13-B43E-9E3999347366}.Debug|x86.ActiveCfg = Debug|Any CPU
		{AD87269F-68E5-4C13-B43E-9E3999347366}.Debug|x86.Build.0 = Debug|Any CPU
		{AD87269F-68E5-4C13-B43E-9E3999347366}.Release|Any CPU.ActiveCfg = Release|Any CPU
		{AD87269F-68E5-4C13-B43E-9E3999347366}.Release|Any CPU.Build.0 = Release|Any CPU
		{AD87269F-68E5-4C13-B43E-9E3999347366}.Release|x64.ActiveCfg = Release|Any CPU
		{AD87269F-68E5-4C13-B43E-9E3999347366}.Release|x64.Build.0 = Release|Any CPU
		{AD87269F-68E5-4C13-B43E-9E3999347366}.Release|x86.ActiveCfg = Release|Any CPU
		{AD87269F-68E5-4C13-B43E-9E3999347366}.Release|x86.Build.0 = Release|Any CPU
		{70700EB1-C1FA-45EF-98F7-C6FC9E464552}.Debug|Any CPU.ActiveCfg = Debug|Any CPU
		{70700EB1-C1FA-45EF-98F7-C6FC9E464552}.Debug|Any CPU.Build.0 = Debug|Any CPU
		{70700EB1-C1FA-45EF-98F7-C6FC9E464552}.Debug|x64.ActiveCfg = Debug|Any CPU
		{70700EB1-C1FA-45EF-98F7-C6FC9E464552}.Debug|x64.Build.0 = Debug|Any CPU
		{70700EB1-C1FA-45EF-98F7-C6FC9E464552}.Debug|x86.ActiveCfg = Debug|Any CPU
		{70700EB1-C1FA-45EF-98F7-C6FC9E464552}.Debug|x86.Build.0 = Debug|Any CPU
		{70700EB1-C1FA-45EF-98F7-C6FC9E464552}.Release|Any CPU.ActiveCfg = Release|Any CPU
		{70700EB1-C1FA-45EF-98F7-C6FC9E464552}.Release|Any CPU.Build.0 = Release|Any CPU
		{70700EB1-C1FA-45EF-98F7-C6FC9E464552}.Release|x64.ActiveCfg = Release|Any CPU
		{70700EB1-C1FA-45EF-98F7-C6FC9E464552}.Release|x64.Build.0 = Release|Any CPU
		{70700EB1-C1FA-45EF-98F7-C6FC9E464552}.Release|x86.ActiveCfg = Release|Any CPU
		{70700EB1-C1FA-45EF-98F7-C6FC9E464552}.Release|x86.Build.0 = Release|Any CPU
	EndGlobalSection
EndGlobal
